
Microsoft Visual Studio Solution File, Format Version 12.00
# Visual Studio Version 17
VisualStudioVersion = 17.11.35222.181
MinimumVisualStudioVersion = 10.0.40219.1
Project("{FAE04EC0-301F-11D3-BF4B-00C04F79EFBC}") = "SampleApp", "SampleApp\SampleApp.csproj", "{6ACC6899-F51B-4FD2-97D7-06BF7A876665}"
EndProject
Global
	GlobalSection(SolutionConfigurationPlatforms) = preSolution
		Debug|Any CPU = Debug|Any CPU
		Release|Any CPU = Release|Any CPU
	EndGlobalSection
	GlobalSection(ProjectConfigurationPlatforms) = postSolution
		{6ACC6899-F51B-4FD2-97D7-06BF7A876665}.Debug|Any CPU.ActiveCfg = Debug|Any CPU
		{6ACC6899-F51B-4FD2-97D7-06BF7A876665}.Debug|Any CPU.Build.0 = Debug|Any CPU
		{6ACC6899-F51B-4FD2-97D7-06BF7A876665}.Release|Any CPU.ActiveCfg = Release|Any CPU
		{6ACC6899-F51B-4FD2-97D7-06BF7A876665}.Release|Any CPU.Build.0 = Release|Any CPU
	EndGlobalSection
	GlobalSection(SolutionProperties) = preSolution
		HideSolutionNode = FALSE
	EndGlobalSection
	GlobalSection(ExtensibilityGlobals) = postSolution
		SolutionGuid = {0DE4525D-75BE-4748-AE86-5FF8465DC3A6}
	EndGlobalSection
EndGlobal
